// !$*UTF8*$!
{
	archiveVersion = 1;
	classes = {
	};
	objectVersion = 50;
	objects = {

/* Begin PBXBuildFile section */
		208B454F2093239B00B4A181 /* AppDelegate.swift in Sources */ = {isa = PBXBuildFile; fileRef = 208B454E2093239B00B4A181 /* AppDelegate.swift */; };
		208B45512093239B00B4A181 /* ViewController.swift in Sources */ = {isa = PBXBuildFile; fileRef = 208B45502093239B00B4A181 /* ViewController.swift */; };
		208B45542093239B00B4A181 /* Main.storyboard in Resources */ = {isa = PBXBuildFile; fileRef = 208B45522093239B00B4A181 /* Main.storyboard */; };
		208B45572093239B00B4A181 /* RSSIMeasure_iOS.xcdatamodeld in Sources */ = {isa = PBXBuildFile; fileRef = 208B45552093239B00B4A181 /* RSSIMeasure_iOS.xcdatamodeld */; };
		208B45592093239C00B4A181 /* Assets.xcassets in Resources */ = {isa = PBXBuildFile; fileRef = 208B45582093239C00B4A181 /* Assets.xcassets */; };
		208B455C2093239C00B4A181 /* LaunchScreen.storyboard in Resources */ = {isa = PBXBuildFile; fileRef = 208B455A2093239C00B4A181 /* LaunchScreen.storyboard */; };
		208B45672093239C00B4A181 /* RSSIMeasure_iOSTests.swift in Sources */ = {isa = PBXBuildFile; fileRef = 208B45662093239C00B4A181 /* RSSIMeasure_iOSTests.swift */; };
		208B45722093239C00B4A181 /* RSSIMeasure_iOSUITests.swift in Sources */ = {isa = PBXBuildFile; fileRef = 208B45712093239C00B4A181 /* RSSIMeasure_iOSUITests.swift */; };
		20C7B1AD20A2B12C00CD0638 /* IBDesignableLabel.swift in Sources */ = {isa = PBXBuildFile; fileRef = 20C7B1AC20A2B12C00CD0638 /* IBDesignableLabel.swift */; };
		20C7B1AF20A2B16E00CD0638 /* IBDesignableButton.swift in Sources */ = {isa = PBXBuildFile; fileRef = 20C7B1AE20A2B16E00CD0638 /* IBDesignableButton.swift */; };
/* End PBXBuildFile section */

/* Begin PBXContainerItemProxy section */
		208B45632093239C00B4A181 /* PBXContainerItemProxy */ = {
			isa = PBXContainerItemProxy;
			containerPortal = 208B45432093239B00B4A181 /* Project object */;
			proxyType = 1;
			remoteGlobalIDString = 208B454A2093239B00B4A181;
			remoteInfo = RSSIMeasure_iOS;
		};
		208B456E2093239C00B4A181 /* PBXContainerItemProxy */ = {
			isa = PBXContainerItemProxy;
			containerPortal = 208B45432093239B00B4A181 /* Project object */;
			proxyType = 1;
			remoteGlobalIDString = 208B454A2093239B00B4A181;
			remoteInfo = RSSIMeasure_iOS;
		};
/* End PBXContainerItemProxy section */

/* Begin PBXFileReference section */
		208B454B2093239B00B4A181 /* RSSIMeasure_iOS.app */ = {isa = PBXFileReference; explicitFileType = wrapper.application; includeInIndex = 0; path = RSSIMeasure_iOS.app; sourceTree = BUILT_PRODUCTS_DIR; };
		208B454E2093239B00B4A181 /* AppDelegate.swift */ = {isa = PBXFileReference; lastKnownFileType = sourcecode.swift; path = AppDelegate.swift; sourceTree = "<group>"; };
		208B45502093239B00B4A181 /* ViewController.swift */ = {isa = PBXFileReference; lastKnownFileType = sourcecode.swift; path = ViewController.swift; sourceTree = "<group>"; };
		208B45532093239B00B4A181 /* Base */ = {isa = PBXFileReference; lastKnownFileType = file.storyboard; name = Base; path = Base.lproj/Main.storyboard; sourceTree = "<group>"; };
		208B45562093239B00B4A181 /* RSSIMeasure_iOS.xcdatamodel */ = {isa = PBXFileReference; lastKnownFileType = wrapper.xcdatamodel; path = RSSIMeasure_iOS.xcdatamodel; sourceTree = "<group>"; };
		208B45582093239C00B4A181 /* Assets.xcassets */ = {isa = PBXFileReference; lastKnownFileType = folder.assetcatalog; path = Assets.xcassets; sourceTree = "<group>"; };
		208B455B2093239C00B4A181 /* Base */ = {isa = PBXFileReference; lastKnownFileType = file.storyboard; name = Base; path = Base.lproj/LaunchScreen.storyboard; sourceTree = "<group>"; };
		208B455D2093239C00B4A181 /* Info.plist */ = {isa = PBXFileReference; lastKnownFileType = text.plist.xml; path = Info.plist; sourceTree = "<group>"; };
		208B45622093239C00B4A181 /* RSSIMeasure_iOSTests.xctest */ = {isa = PBXFileReference; explicitFileType = wrapper.cfbundle; includeInIndex = 0; path = RSSIMeasure_iOSTests.xctest; sourceTree = BUILT_PRODUCTS_DIR; };
		208B45662093239C00B4A181 /* RSSIMeasure_iOSTests.swift */ = {isa = PBXFileReference; lastKnownFileType = sourcecode.swift; path = RSSIMeasure_iOSTests.swift; sourceTree = "<group>"; };
		208B45682093239C00B4A181 /* Info.plist */ = {isa = PBXFileReference; lastKnownFileType = text.plist.xml; path = Info.plist; sourceTree = "<group>"; };
		208B456D2093239C00B4A181 /* RSSIMeasure_iOSUITests.xctest */ = {isa = PBXFileReference; explicitFileType = wrapper.cfbundle; includeInIndex = 0; path = RSSIMeasure_iOSUITests.xctest; sourceTree = BUILT_PRODUCTS_DIR; };
		208B45712093239C00B4A181 /* RSSIMeasure_iOSUITests.swift */ = {isa = PBXFileReference; lastKnownFileType = sourcecode.swift; path = RSSIMeasure_iOSUITests.swift; sourceTree = "<group>"; };
		208B45732093239C00B4A181 /* Info.plist */ = {isa = PBXFileReference; lastKnownFileType = text.plist.xml; path = Info.plist; sourceTree = "<group>"; };
		20C7B1AC20A2B12C00CD0638 /* IBDesignableLabel.swift */ = {isa = PBXFileReference; lastKnownFileType = sourcecode.swift; path = IBDesignableLabel.swift; sourceTree = "<group>"; };
		20C7B1AE20A2B16E00CD0638 /* IBDesignableButton.swift */ = {isa = PBXFileReference; lastKnownFileType = sourcecode.swift; path = IBDesignableButton.swift; sourceTree = "<group>"; };
/* End PBXFileReference section */

/* Begin PBXFrameworksBuildPhase section */
		208B45482093239B00B4A181 /* Frameworks */ = {
			isa = PBXFrameworksBuildPhase;
			buildActionMask = 2147483647;
			files = (
			);
			runOnlyForDeploymentPostprocessing = 0;
		};
		208B455F2093239C00B4A181 /* Frameworks */ = {
			isa = PBXFrameworksBuildPhase;
			buildActionMask = 2147483647;
			files = (
			);
			runOnlyForDeploymentPostprocessing = 0;
		};
		208B456A2093239C00B4A181 /* Frameworks */ = {
			isa = PBXFrameworksBuildPhase;
			buildActionMask = 2147483647;
			files = (
			);
			runOnlyForDeploymentPostprocessing = 0;
		};
/* End PBXFrameworksBuildPhase section */

/* Begin PBXGroup section */
		208B45422093239B00B4A181 = {
			isa = PBXGroup;
			children = (
				208B454D2093239B00B4A181 /* RSSIMeasure_iOS */,
				208B45652093239C00B4A181 /* RSSIMeasure_iOSTests */,
				208B45702093239C00B4A181 /* RSSIMeasure_iOSUITests */,
				208B454C2093239B00B4A181 /* Products */,
			);
			sourceTree = "<group>";
		};
		208B454C2093239B00B4A181 /* Products */ = {
			isa = PBXGroup;
			children = (
				208B454B2093239B00B4A181 /* RSSIMeasure_iOS.app */,
				208B45622093239C00B4A181 /* RSSIMeasure_iOSTests.xctest */,
				208B456D2093239C00B4A181 /* RSSIMeasure_iOSUITests.xctest */,
			);
			name = Products;
			sourceTree = "<group>";
		};
		208B454D2093239B00B4A181 /* RSSIMeasure_iOS */ = {
			isa = PBXGroup;
			children = (
				208B454E2093239B00B4A181 /* AppDelegate.swift */,
				208B45502093239B00B4A181 /* ViewController.swift */,
				208B45522093239B00B4A181 /* Main.storyboard */,
				208B45582093239C00B4A181 /* Assets.xcassets */,
				208B455A2093239C00B4A181 /* LaunchScreen.storyboard */,
				208B455D2093239C00B4A181 /* Info.plist */,
				208B45552093239B00B4A181 /* RSSIMeasure_iOS.xcdatamodeld */,
				20C7B1AC20A2B12C00CD0638 /* IBDesignableLabel.swift */,
				20C7B1AE20A2B16E00CD0638 /* IBDesignableButton.swift */,
			);
			path = RSSIMeasure_iOS;
			sourceTree = "<group>";
		};
		208B45652093239C00B4A181 /* RSSIMeasure_iOSTests */ = {
			isa = PBXGroup;
			children = (
				208B45662093239C00B4A181 /* RSSIMeasure_iOSTests.swift */,
				208B45682093239C00B4A181 /* Info.plist */,
			);
			path = RSSIMeasure_iOSTests;
			sourceTree = "<group>";
		};
		208B45702093239C00B4A181 /* RSSIMeasure_iOSUITests */ = {
			isa = PBXGroup;
			children = (
				208B45712093239C00B4A181 /* RSSIMeasure_iOSUITests.swift */,
				208B45732093239C00B4A181 /* Info.plist */,
			);
			path = RSSIMeasure_iOSUITests;
			sourceTree = "<group>";
		};
/* End PBXGroup section */

/* Begin PBXNativeTarget section */
		208B454A2093239B00B4A181 /* RSSIMeasure_iOS */ = {
			isa = PBXNativeTarget;
			buildConfigurationList = 208B45762093239C00B4A181 /* Build configuration list for PBXNativeTarget "RSSIMeasure_iOS" */;
			buildPhases = (
				208B45472093239B00B4A181 /* Sources */,
				208B45482093239B00B4A181 /* Frameworks */,
				208B45492093239B00B4A181 /* Resources */,
			);
			buildRules = (
			);
			dependencies = (
			);
			name = RSSIMeasure_iOS;
			productName = RSSIMeasure_iOS;
			productReference = 208B454B2093239B00B4A181 /* RSSIMeasure_iOS.app */;
			productType = "com.apple.product-type.application";
		};
		208B45612093239C00B4A181 /* RSSIMeasure_iOSTests */ = {
			isa = PBXNativeTarget;
			buildConfigurationList = 208B45792093239C00B4A181 /* Build configuration list for PBXNativeTarget "RSSIMeasure_iOSTests" */;
			buildPhases = (
				208B455E2093239C00B4A181 /* Sources */,
				208B455F2093239C00B4A181 /* Frameworks */,
				208B45602093239C00B4A181 /* Resources */,
			);
			buildRules = (
			);
			dependencies = (
				208B45642093239C00B4A181 /* PBXTargetDependency */,
			);
			name = RSSIMeasure_iOSTests;
			productName = RSSIMeasure_iOSTests;
			productReference = 208B45622093239C00B4A181 /* RSSIMeasure_iOSTests.xctest */;
			productType = "com.apple.product-type.bundle.unit-test";
		};
		208B456C2093239C00B4A181 /* RSSIMeasure_iOSUITests */ = {
			isa = PBXNativeTarget;
			buildConfigurationList = 208B457C2093239C00B4A181 /* Build configuration list for PBXNativeTarget "RSSIMeasure_iOSUITests" */;
			buildPhases = (
				208B45692093239C00B4A181 /* Sources */,
				208B456A2093239C00B4A181 /* Frameworks */,
				208B456B2093239C00B4A181 /* Resources */,
			);
			buildRules = (
			);
			dependencies = (
				208B456F2093239C00B4A181 /* PBXTargetDependency */,
			);
			name = RSSIMeasure_iOSUITests;
			productName = RSSIMeasure_iOSUITests;
			productReference = 208B456D2093239C00B4A181 /* RSSIMeasure_iOSUITests.xctest */;
			productType = "com.apple.product-type.bundle.ui-testing";
		};
/* End PBXNativeTarget section */

/* Begin PBXProject section */
		208B45432093239B00B4A181 /* Project object */ = {
			isa = PBXProject;
			attributes = {
				LastSwiftUpdateCheck = 0930;
				LastUpgradeCheck = 0930;
				ORGANIZATIONNAME = ISDL;
				TargetAttributes = {
					208B454A2093239B00B4A181 = {
						CreatedOnToolsVersion = 9.3;
					};
					208B45612093239C00B4A181 = {
						CreatedOnToolsVersion = 9.3;
						TestTargetID = 208B454A2093239B00B4A181;
					};
					208B456C2093239C00B4A181 = {
						CreatedOnToolsVersion = 9.3;
						TestTargetID = 208B454A2093239B00B4A181;
					};
				};
			};
			buildConfigurationList = 208B45462093239B00B4A181 /* Build configuration list for PBXProject "RSSIMeasure_iOS" */;
			compatibilityVersion = "Xcode 9.3";
			developmentRegion = en;
			hasScannedForEncodings = 0;
			knownRegions = (
				en,
				Base,
			);
			mainGroup = 208B45422093239B00B4A181;
			productRefGroup = 208B454C2093239B00B4A181 /* Products */;
			projectDirPath = "";
			projectRoot = "";
			targets = (
				208B454A2093239B00B4A181 /* RSSIMeasure_iOS */,
				208B45612093239C00B4A181 /* RSSIMeasure_iOSTests */,
				208B456C2093239C00B4A181 /* RSSIMeasure_iOSUITests */,
			);
		};
/* End PBXProject section */

/* Begin PBXResourcesBuildPhase section */
		208B45492093239B00B4A181 /* Resources */ = {
			isa = PBXResourcesBuildPhase;
			buildActionMask = 2147483647;
			files = (
				208B455C2093239C00B4A181 /* LaunchScreen.storyboard in Resources */,
				208B45592093239C00B4A181 /* Assets.xcassets in Resources */,
				208B45542093239B00B4A181 /* Main.storyboard in Resources */,
			);
			runOnlyForDeploymentPostprocessing = 0;
		};
		208B45602093239C00B4A181 /* Resources */ = {
			isa = PBXResourcesBuildPhase;
			buildActionMask = 2147483647;
			files = (
			);
			runOnlyForDeploymentPostprocessing = 0;
		};
		208B456B2093239C00B4A181 /* Resources */ = {
			isa = PBXResourcesBuildPhase;
			buildActionMask = 2147483647;
			files = (
			);
			runOnlyForDeploymentPostprocessing = 0;
		};
/* End PBXResourcesBuildPhase section */

/* Begin PBXSourcesBuildPhase section */
		208B45472093239B00B4A181 /* Sources */ = {
			isa = PBXSourcesBuildPhase;
			buildActionMask = 2147483647;
			files = (
				208B45572093239B00B4A181 /* RSSIMeasure_iOS.xcdatamodeld in Sources */,
				208B45512093239B00B4A181 /* ViewController.swift in Sources */,
				208B454F2093239B00B4A181 /* AppDelegate.swift in Sources */,
				20C7B1AD20A2B12C00CD0638 /* IBDesignableLabel.swift in Sources */,
				20C7B1AF20A2B16E00CD0638 /* IBDesignableButton.swift in Sources */,
			);
			runOnlyForDeploymentPostprocessing = 0;
		};
		208B455E2093239C00B4A181 /* Sources */ = {
			isa = PBXSourcesBuildPhase;
			buildActionMask = 2147483647;
			files = (
				208B45672093239C00B4A181 /* RSSIMeasure_iOSTests.swift in Sources */,
			);
			runOnlyForDeploymentPostprocessing = 0;
		};
		208B45692093239C00B4A181 /* Sources */ = {
			isa = PBXSourcesBuildPhase;
			buildActionMask = 2147483647;
			files = (
				208B45722093239C00B4A181 /* RSSIMeasure_iOSUITests.swift in Sources */,
			);
			runOnlyForDeploymentPostprocessing = 0;
		};
/* End PBXSourcesBuildPhase section */

/* Begin PBXTargetDependency section */
		208B45642093239C00B4A181 /* PBXTargetDependency */ = {
			isa = PBXTargetDependency;
			target = 208B454A2093239B00B4A181 /* RSSIMeasure_iOS */;
			targetProxy = 208B45632093239C00B4A181 /* PBXContainerItemProxy */;
		};
		208B456F2093239C00B4A181 /* PBXTargetDependency */ = {
			isa = PBXTargetDependency;
			target = 208B454A2093239B00B4A181 /* RSSIMeasure_iOS */;
			targetProxy = 208B456E2093239C00B4A181 /* PBXContainerItemProxy */;
		};
/* End PBXTargetDependency section */

/* Begin PBXVariantGroup section */
		208B45522093239B00B4A181 /* Main.storyboard */ = {
			isa = PBXVariantGroup;
			children = (
				208B45532093239B00B4A181 /* Base */,
			);
			name = Main.storyboard;
			sourceTree = "<group>";
		};
		208B455A2093239C00B4A181 /* LaunchScreen.storyboard */ = {
			isa = PBXVariantGroup;
			children = (
				208B455B2093239C00B4A181 /* Base */,
			);
			name = LaunchScreen.storyboard;
			sourceTree = "<group>";
		};
/* End PBXVariantGroup section */

/* Begin XCBuildConfiguration section */
		208B45742093239C00B4A181 /* Debug */ = {
			isa = XCBuildConfiguration;
			buildSettings = {
				ALWAYS_SEARCH_USER_PATHS = NO;
				CLANG_ANALYZER_NONNULL = YES;
				CLANG_ANALYZER_NUMBER_OBJECT_CONVERSION = YES_AGGRESSIVE;
				CLANG_CXX_LANGUAGE_STANDARD = "gnu++14";
				CLANG_CXX_LIBRARY = "libc++";
				CLANG_ENABLE_MODULES = YES;
				CLANG_ENABLE_OBJC_ARC = YES;
				CLANG_ENABLE_OBJC_WEAK = YES;
				CLANG_WARN_BLOCK_CAPTURE_AUTORELEASING = YES;
				CLANG_WARN_BOOL_CONVERSION = YES;
				CLANG_WARN_COMMA = YES;
				CLANG_WARN_CONSTANT_CONVERSION = YES;
				CLANG_WARN_DEPRECATED_OBJC_IMPLEMENTATIONS = YES;
				CLANG_WARN_DIRECT_OBJC_ISA_USAGE = YES_ERROR;
				CLANG_WARN_DOCUMENTATION_COMMENTS = YES;
				CLANG_WARN_EMPTY_BODY = YES;
				CLANG_WARN_ENUM_CONVERSION = YES;
				CLANG_WARN_INFINITE_RECURSION = YES;
				CLANG_WARN_INT_CONVERSION = YES;
				CLANG_WARN_NON_LITERAL_NULL_CONVERSION = YES;
				CLANG_WARN_OBJC_IMPLICIT_RETAIN_SELF = YES;
				CLANG_WARN_OBJC_LITERAL_CONVERSION = YES;
				CLANG_WARN_OBJC_ROOT_CLASS = YES_ERROR;
				CLANG_WARN_RANGE_LOOP_ANALYSIS = YES;
				CLANG_WARN_STRICT_PROTOTYPES = YES;
				CLANG_WARN_SUSPICIOUS_MOVE = YES;
				CLANG_WARN_UNGUARDED_AVAILABILITY = YES_AGGRESSIVE;
				CLANG_WARN_UNREACHABLE_CODE = YES;
				CLANG_WARN__DUPLICATE_METHOD_MATCH = YES;
				CODE_SIGN_IDENTITY = "iPhone Developer";
				COPY_PHASE_STRIP = NO;
				DEBUG_INFORMATION_FORMAT = dwarf;
				ENABLE_STRICT_OBJC_MSGSEND = YES;
				ENABLE_TESTABILITY = YES;
				GCC_C_LANGUAGE_STANDARD = gnu11;
				GCC_DYNAMIC_NO_PIC = NO;
				GCC_NO_COMMON_BLOCKS = YES;
				GCC_OPTIMIZATION_LEVEL = 0;
				GCC_PREPROCESSOR_DEFINITIONS = (
					"DEBUG=1",
					"$(inherited)",
				);
				GCC_WARN_64_TO_32_BIT_CONVERSION = YES;
				GCC_WARN_ABOUT_RETURN_TYPE = YES_ERROR;
				GCC_WARN_UNDECLARED_SELECTOR = YES;
				GCC_WARN_UNINITIALIZED_AUTOS = YES_AGGRESSIVE;
				GCC_WARN_UNUSED_FUNCTION = YES;
				GCC_WARN_UNUSED_VARIABLE = YES;
				IPHONEOS_DEPLOYMENT_TARGET = 11.3;
				MTL_ENABLE_DEBUG_INFO = YES;
				ONLY_ACTIVE_ARCH = YES;
				SDKROOT = iphoneos;
				SWIFT_ACTIVE_COMPILATION_CONDITIONS = DEBUG;
				SWIFT_OPTIMIZATION_LEVEL = "-Onone";
			};
			name = Debug;
		};
		208B45752093239C00B4A181 /* Release */ = {
			isa = XCBuildConfiguration;
			buildSettings = {
				ALWAYS_SEARCH_USER_PATHS = NO;
				CLANG_ANALYZER_NONNULL = YES;
				CLANG_ANALYZER_NUMBER_OBJECT_CONVERSION = YES_AGGRESSIVE;
				CLANG_CXX_LANGUAGE_STANDARD = "gnu++14";
				CLANG_CXX_LIBRARY = "libc++";
				CLANG_ENABLE_MODULES = YES;
				CLANG_ENABLE_OBJC_ARC = YES;
				CLANG_ENABLE_OBJC_WEAK = YES;
				CLANG_WARN_BLOCK_CAPTURE_AUTORELEASING = YES;
				CLANG_WARN_BOOL_CONVERSION = YES;
				CLANG_WARN_COMMA = YES;
				CLANG_WARN_CONSTANT_CONVERSION = YES;
				CLANG_WARN_DEPRECATED_OBJC_IMPLEMENTATIONS = YES;
				CLANG_WARN_DIRECT_OBJC_ISA_USAGE = YES_ERROR;
				CLANG_WARN_DOCUMENTATION_COMMENTS = YES;
				CLANG_WARN_EMPTY_BODY = YES;
				CLANG_WARN_ENUM_CONVERSION = YES;
				CLANG_WARN_INFINITE_RECURSION = YES;
				CLANG_WARN_INT_CONVERSION = YES;
				CLANG_WARN_NON_LITERAL_NULL_CONVERSION = YES;
				CLANG_WARN_OBJC_IMPLICIT_RETAIN_SELF = YES;
				CLANG_WARN_OBJC_LITERAL_CONVERSION = YES;
				CLANG_WARN_OBJC_ROOT_CLASS = YES_ERROR;
				CLANG_WARN_RANGE_LOOP_ANALYSIS = YES;
				CLANG_WARN_STRICT_PROTOTYPES = YES;
				CLANG_WARN_SUSPICIOUS_MOVE = YES;
				CLANG_WARN_UNGUARDED_AVAILABILITY = YES_AGGRESSIVE;
				CLANG_WARN_UNREACHABLE_CODE = YES;
				CLANG_WARN__DUPLICATE_METHOD_MATCH = YES;
				CODE_SIGN_IDENTITY = "iPhone Developer";
				COPY_PHASE_STRIP = NO;
				DEBUG_INFORMATION_FORMAT = "dwarf-with-dsym";
				ENABLE_NS_ASSERTIONS = NO;
				ENABLE_STRICT_OBJC_MSGSEND = YES;
				GCC_C_LANGUAGE_STANDARD = gnu11;
				GCC_NO_COMMON_BLOCKS = YES;
				GCC_WARN_64_TO_32_BIT_CONVERSION = YES;
				GCC_WARN_ABOUT_RETURN_TYPE = YES_ERROR;
				GCC_WARN_UNDECLARED_SELECTOR = YES;
				GCC_WARN_UNINITIALIZED_AUTOS = YES_AGGRESSIVE;
				GCC_WARN_UNUSED_FUNCTION = YES;
				GCC_WARN_UNUSED_VARIABLE = YES;
				IPHONEOS_DEPLOYMENT_TARGET = 11.3;
				MTL_ENABLE_DEBUG_INFO = NO;
				SDKROOT = iphoneos;
				SWIFT_COMPILATION_MODE = wholemodule;
				SWIFT_OPTIMIZATION_LEVEL = "-O";
				VALIDATE_PRODUCT = YES;
			};
			name = Release;
		};
		208B45772093239C00B4A181 /* Debug */ = {
			isa = XCBuildConfiguration;
			buildSettings = {
				ASSETCATALOG_COMPILER_APPICON_NAME = AppIcon;
				CODE_SIGN_STYLE = Automatic;
				DEVELOPMENT_TEAM = AT8T3Z96ZW;
				INFOPLIST_FILE = RSSIMeasure_iOS/Info.plist;
				LD_RUNPATH_SEARCH_PATHS = (
					"$(inherited)",
					"@executable_path/Frameworks",
				);
				PRODUCT_BUNDLE_IDENTIFIER = "ISDL.RSSIMeasure-iOS";
				PRODUCT_NAME = "$(TARGET_NAME)";
				SWIFT_VERSION = 4.0;
				TARGETED_DEVICE_FAMILY = "1,2";
			};
			name = Debug;
		};
		208B45782093239C00B4A181 /* Release */ = {
			isa = XCBuildConfiguration;
			buildSettings = {
				ASSETCATALOG_COMPILER_APPICON_NAME = AppIcon;
				CODE_SIGN_STYLE = Automatic;
				DEVELOPMENT_TEAM = AT8T3Z96ZW;
				INFOPLIST_FILE = RSSIMeasure_iOS/Info.plist;
				LD_RUNPATH_SEARCH_PATHS = (
					"$(inherited)",
					"@executable_path/Frameworks",
				);
				PRODUCT_BUNDLE_IDENTIFIER = "ISDL.RSSIMeasure-iOS";
				PRODUCT_NAME = "$(TARGET_NAME)";
				SWIFT_VERSION = 4.0;
				TARGETED_DEVICE_FAMILY = "1,2";
			};
			name = Release;
		};
		208B457A2093239C00B4A181 /* Debug */ = {
			isa = XCBuildConfiguration;
			buildSettings = {
				ALWAYS_EMBED_SWIFT_STANDARD_LIBRARIES = YES;
				BUNDLE_LOADER = "$(TEST_HOST)";
				CODE_SIGN_STYLE = Automatic;
				DEVELOPMENT_TEAM = CAN43QU2UF;
				INFOPLIST_FILE = RSSIMeasure_iOSTests/Info.plist;
				LD_RUNPATH_SEARCH_PATHS = (
					"$(inherited)",
					"@executable_path/Frameworks",
					"@loader_path/Frameworks",
				);
				PRODUCT_BUNDLE_IDENTIFIER = "ISDL.RSSIMeasure-iOSTests";
				PRODUCT_NAME = "$(TARGET_NAME)";
				SWIFT_VERSION = 4.0;
				TARGETED_DEVICE_FAMILY = "1,2";
				TEST_HOST = "$(BUILT_PRODUCTS_DIR)/RSSIMeasure_iOS.app/RSSIMeasure_iOS";
			};
			name = Debug;
		};
		208B457B2093239C00B4A181 /* Release */ = {
			isa = XCBuildConfiguration;
			buildSettings = {
				ALWAYS_EMBED_SWIFT_STANDARD_LIBRARIES = YES;
				BUNDLE_LOADER = "$(TEST_HOST)";
				CODE_SIGN_STYLE = Automatic;
				DEVELOPMENT_TEAM = CAN43QU2UF;
				INFOPLIST_FILE = RSSIMeasure_iOSTests/Info.plist;
				LD_RUNPATH_SEARCH_PATHS = (
					"$(inherited)",
					"@executable_path/Frameworks",
					"@loader_path/Frameworks",
				);
				PRODUCT_BUNDLE_IDENTIFIER = "ISDL.RSSIMeasure-iOSTests";
				PRODUCT_NAME = "$(TARGET_NAME)";
				SWIFT_VERSION = 4.0;
				TARGETED_DEVICE_FAMILY = "1,2";
				TEST_HOST = "$(BUILT_PRODUCTS_DIR)/RSSIMeasure_iOS.app/RSSIMeasure_iOS";
			};
			name = Release;
		};
		208B457D2093239C00B4A181 /* Debug */ = {
			isa = XCBuildConfiguration;
			buildSettings = {
				ALWAYS_EMBED_SWIFT_STANDARD_LIBRARIES = YES;
				CODE_SIGN_STYLE = Automatic;
				DEVELOPMENT_TEAM = CAN43QU2UF;
				INFOPLIST_FILE = RSSIMeasure_iOSUITests/Info.plist;
				LD_RUNPATH_SEARCH_PATHS = (
					"$(inherited)",
					"@executable_path/Frameworks",
					"@loader_path/Frameworks",
				);
				PRODUCT_BUNDLE_IDENTIFIER = "ISDL.RSSIMeasure-iOSUITests";
				PRODUCT_NAME = "$(TARGET_NAME)";
				SWIFT_VERSION = 4.0;
				TARGETED_DEVICE_FAMILY = "1,2";
				TEST_TARGET_NAME = RSSIMeasure_iOS;
			};
			name = Debug;
		};
		208B457E2093239C00B4A181 /* Release */ = {
			isa = XCBuildConfiguration;
			buildSettings = {
				ALWAYS_EMBED_SWIFT_STANDARD_LIBRARIES = YES;
				CODE_SIGN_STYLE = Automatic;
				DEVELOPMENT_TEAM = CAN43QU2UF;
				INFOPLIST_FILE = RSSIMeasure_iOSUITests/Info.plist;
				LD_RUNPATH_SEARCH_PATHS = (
					"$(inherited)",
					"@executable_path/Frameworks",
					"@loader_path/Frameworks",
				);
				PRODUCT_BUNDLE_IDENTIFIER = "ISDL.RSSIMeasure-iOSUITests";
				PRODUCT_NAME = "$(TARGET_NAME)";
				SWIFT_VERSION = 4.0;
				TARGETED_DEVICE_FAMILY = "1,2";
				TEST_TARGET_NAME = RSSIMeasure_iOS;
			};
			name = Release;
		};
/* End XCBuildConfiguration section */

/* Begin XCConfigurationList section */
		208B45462093239B00B4A181 /* Build configuration list for PBXProject "RSSIMeasure_iOS" */ = {
			isa = XCConfigurationList;
			buildConfigurations = (
				208B45742093239C00B4A181 /* Debug */,
				208B45752093239C00B4A181 /* Release */,
			);
			defaultConfigurationIsVisible = 0;
			defaultConfigurationName = Release;
		};
		208B45762093239C00B4A181 /* Build configuration list for PBXNativeTarget "RSSIMeasure_iOS" */ = {
			isa = XCConfigurationList;
			buildConfigurations = (
				208B45772093239C00B4A181 /* Debug */,
				208B45782093239C00B4A181 /* Release */,
			);
			defaultConfigurationIsVisible = 0;
			defaultConfigurationName = Release;
		};
		208B45792093239C00B4A181 /* Build configuration list for PBXNativeTarget "RSSIMeasure_iOSTests" */ = {
			isa = XCConfigurationList;
			buildConfigurations = (
				208B457A2093239C00B4A181 /* Debug */,
				208B457B2093239C00B4A181 /* Release */,
			);
			defaultConfigurationIsVisible = 0;
			defaultConfigurationName = Release;
		};
		208B457C2093239C00B4A181 /* Build configuration list for PBXNativeTarget "RSSIMeasure_iOSUITests" */ = {
			isa = XCConfigurationList;
			buildConfigurations = (
				208B457D2093239C00B4A181 /* Debug */,
				208B457E2093239C00B4A181 /* Release */,
			);
			defaultConfigurationIsVisible = 0;
			defaultConfigurationName = Release;
		};
/* End XCConfigurationList section */

/* Begin XCVersionGroup section */
		208B45552093239B00B4A181 /* RSSIMeasure_iOS.xcdatamodeld */ = {
			isa = XCVersionGroup;
			children = (
				208B45562093239B00B4A181 /* RSSIMeasure_iOS.xcdatamodel */,
			);
			currentVersion = 208B45562093239B00B4A181 /* RSSIMeasure_iOS.xcdatamodel */;
			path = RSSIMeasure_iOS.xcdatamodeld;
			sourceTree = "<group>";
			versionGroupType = wrapper.xcdatamodel;
		};
/* End XCVersionGroup section */
	};
	rootObject = 208B45432093239B00B4A181 /* Project object */;
}
